
Microsoft Visual Studio Solution File, Format Version 12.00
# Visual Studio Version 17
VisualStudioVersion = 17.9.34701.34
MinimumVisualStudioVersion = 10.0.40219.1
Project("{FAE04EC0-301F-11D3-BF4B-00C04F79EFBC}") = "API_Final_Task", "API_Final_Task.csproj", "{E9AD59AD-55FA-470C-A1BB-F26BA1987CC3}"
EndProject
Global
	GlobalSection(SolutionConfigurationPlatforms) = preSolution
		Debug|Any CPU = Debug|Any CPU
		Release|Any CPU = Release|Any CPU
	EndGlobalSection
	GlobalSection(ProjectConfigurationPlatforms) = postSolution
		{E9AD59AD-55FA-470C-A1BB-F26BA1987CC3}.Debug|Any CPU.ActiveCfg = Debug|Any CPU
		{E9AD59AD-55FA-470C-A1BB-F26BA1987CC3}.Debug|Any CPU.Build.0 = Debug|Any CPU
		{E9AD59AD-55FA-470C-A1BB-F26BA1987CC3}.Release|Any CPU.ActiveCfg = Release|Any CPU
		{E9AD59AD-55FA-470C-A1BB-F26BA1987CC3}.Release|Any CPU.Build.0 = Release|Any CPU
	EndGlobalSection
	GlobalSection(SolutionProperties) = preSolution
		HideSolutionNode = FALSE
	EndGlobalSection
	GlobalSection(ExtensibilityGlobals) = postSolution
		SolutionGuid = {F9D428D9-4CD2-425C-9E8C-0D4429B885C7}
	EndGlobalSection
EndGlobal
